
Microsoft Visual Studio Solution File, Format Version 12.00
# Visual Studio Version 17
VisualStudioVersion = 17.0.32014.148
MinimumVisualStudioVersion = 10.0.40219.1
Project("{FAE04EC0-301F-11D3-BF4B-00C04F79EFBC}") = "FindSOS", "FindSOS\FindSOS.csproj", "{73F5AB91-CF31-40DB-8F0C-6A93C47A32CA}"
EndProject
Global
	GlobalSection(SolutionConfigurationPlatforms) = preSolution
		Debug|Any CPU = Debug|Any CPU
		Release|Any CPU = Release|Any CPU
	EndGlobalSection
	GlobalSection(ProjectConfigurationPlatforms) = postSolution
		{73F5AB91-CF31-40DB-8F0C-6A93C47A32CA}.Debug|Any CPU.ActiveCfg = Debug|Any CPU
		{73F5AB91-CF31-40DB-8F0C-6A93C47A32CA}.Debug|Any CPU.Build.0 = Debug|Any CPU
		{73F5AB91-CF31-40DB-8F0C-6A93C47A32CA}.Release|Any CPU.ActiveCfg = Release|Any CPU
		{73F5AB91-CF31-40DB-8F0C-6A93C47A32CA}.Release|Any CPU.Build.0 = Release|Any CPU
	EndGlobalSection
	GlobalSection(SolutionProperties) = preSolution
		HideSolutionNode = FALSE
	EndGlobalSection
	GlobalSection(ExtensibilityGlobals) = postSolution
		SolutionGuid = {1FC2C54F-DB29-480E-AE4D-7FC9A5C7F6A5}
	EndGlobalSection
EndGlobal
